// !$*UTF8*$!
{
	archiveVersion = 1;
	classes = {
	};
	objectVersion = 56;
	objects = {

/* Begin PBXBuildFile section */
		E513761829CDC78300E03A07 /* LeeeoTutorialsApp.swift in Sources */ = {isa = PBXBuildFile; fileRef = E513761729CDC78300E03A07 /* LeeeoTutorialsApp.swift */; };
		E513761A29CDC78300E03A07 /* ContentView.swift in Sources */ = {isa = PBXBuildFile; fileRef = E513761929CDC78300E03A07 /* ContentView.swift */; };
		E513761C29CDC78500E03A07 /* Assets.xcassets in Resources */ = {isa = PBXBuildFile; fileRef = E513761B29CDC78500E03A07 /* Assets.xcassets */; };
		E513761F29CDC78500E03A07 /* Preview Assets.xcassets in Resources */ = {isa = PBXBuildFile; fileRef = E513761E29CDC78500E03A07 /* Preview Assets.xcassets */; };
		E513762129CDC78500E03A07 /* Persistence.swift in Sources */ = {isa = PBXBuildFile; fileRef = E513762029CDC78500E03A07 /* Persistence.swift */; };
		E513762429CDC78500E03A07 /* LeeeoTutorials.xcdatamodeld in Sources */ = {isa = PBXBuildFile; fileRef = E513762229CDC78500E03A07 /* LeeeoTutorials.xcdatamodeld */; };
		E513762B29CE729900E03A07 /* OptionalView.swift in Sources */ = {isa = PBXBuildFile; fileRef = E513762A29CE729900E03A07 /* OptionalView.swift */; };
		E513762D29CE78CD00E03A07 /* ClosureView.swift in Sources */ = {isa = PBXBuildFile; fileRef = E513762C29CE78CD00E03A07 /* ClosureView.swift */; };
		E513762F29CE82D700E03A07 /* StructView.swift in Sources */ = {isa = PBXBuildFile; fileRef = E513762E29CE82D700E03A07 /* StructView.swift */; };
		E513763329CEE18000E03A07 /* ClassView.swift in Sources */ = {isa = PBXBuildFile; fileRef = E513763229CEE18000E03A07 /* ClassView.swift */; };
		E513763529CEE92200E03A07 /* OptionalChainingView.swift in Sources */ = {isa = PBXBuildFile; fileRef = E513763429CEE92200E03A07 /* OptionalChainingView.swift */; };
		E513763729CEEC4A00E03A07 /* PropertyView.swift in Sources */ = {isa = PBXBuildFile; fileRef = E513763629CEEC4A00E03A07 /* PropertyView.swift */; };
		E513763929CEFBD100E03A07 /* MethodView.swift in Sources */ = {isa = PBXBuildFile; fileRef = E513763829CEFBD100E03A07 /* MethodView.swift */; };
		E513763B29CF01D300E03A07 /* EnumAfterView.swift in Sources */ = {isa = PBXBuildFile; fileRef = E513763A29CF01D300E03A07 /* EnumAfterView.swift */; };
		E513763E29CF08F100E03A07 /* CheckPointView.swift in Sources */ = {isa = PBXBuildFile; fileRef = E513763D29CF08F100E03A07 /* CheckPointView.swift */; };
		E513764329CF208700E03A07 /* DividerView.swift in Sources */ = {isa = PBXBuildFile; fileRef = E513764229CF208700E03A07 /* DividerView.swift */; };
		E513764529CF350200E03A07 /* ModalView.swift in Sources */ = {isa = PBXBuildFile; fileRef = E513764429CF350200E03A07 /* ModalView.swift */; };
		E513764729CF364200E03A07 /* AlertView.swift in Sources */ = {isa = PBXBuildFile; fileRef = E513764629CF364200E03A07 /* AlertView.swift */; };
		E57BD14129D31D9000FB0167 /* TestView.swift in Sources */ = {isa = PBXBuildFile; fileRef = E57BD14029D31D9000FB0167 /* TestView.swift */; };
		E5C5C01B29D90CC200B73936 /* Closure.swift in Sources */ = {isa = PBXBuildFile; fileRef = E5C5C01A29D90CC200B73936 /* Closure.swift */; };
		E5CC201029EA85240035A0CC /* TabView.swift in Sources */ = {isa = PBXBuildFile; fileRef = E5CC200F29EA85240035A0CC /* TabView.swift */; };
		E5CC201229EA879D0035A0CC /* ToggleView.swift in Sources */ = {isa = PBXBuildFile; fileRef = E5CC201129EA879D0035A0CC /* ToggleView.swift */; };
		E5CC201429EA8A4A0035A0CC /* TextFieldView.swift in Sources */ = {isa = PBXBuildFile; fileRef = E5CC201329EA8A4A0035A0CC /* TextFieldView.swift */; };
		E5CC201629EA96680035A0CC /* SecureFieldView.swift in Sources */ = {isa = PBXBuildFile; fileRef = E5CC201529EA96680035A0CC /* SecureFieldView.swift */; };
		E5D9006D29D86918004A413D /* Function.swift in Sources */ = {isa = PBXBuildFile; fileRef = E5D9006C29D86918004A413D /* Function.swift */; };
/* End PBXBuildFile section */

/* Begin PBXFileReference section */
		E513761429CDC78300E03A07 /* LeeeoTutorials.app */ = {isa = PBXFileReference; explicitFileType = wrapper.application; includeInIndex = 0; path = LeeeoTutorials.app; sourceTree = BUILT_PRODUCTS_DIR; };
		E513761729CDC78300E03A07 /* LeeeoTutorialsApp.swift */ = {isa = PBXFileReference; lastKnownFileType = sourcecode.swift; path = LeeeoTutorialsApp.swift; sourceTree = "<group>"; };
		E513761929CDC78300E03A07 /* ContentView.swift */ = {isa = PBXFileReference; lastKnownFileType = sourcecode.swift; path = ContentView.swift; sourceTree = "<group>"; };
		E513761B29CDC78500E03A07 /* Assets.xcassets */ = {isa = PBXFileReference; lastKnownFileType = folder.assetcatalog; path = Assets.xcassets; sourceTree = "<group>"; };
		E513761E29CDC78500E03A07 /* Preview Assets.xcassets */ = {isa = PBXFileReference; lastKnownFileType = folder.assetcatalog; path = "Preview Assets.xcassets"; sourceTree = "<group>"; };
		E513762029CDC78500E03A07 /* Persistence.swift */ = {isa = PBXFileReference; lastKnownFileType = sourcecode.swift; path = Persistence.swift; sourceTree = "<group>"; };
		E513762329CDC78500E03A07 /* LeeeoTutorials.xcdatamodel */ = {isa = PBXFileReference; lastKnownFileType = wrapper.xcdatamodel; path = LeeeoTutorials.xcdatamodel; sourceTree = "<group>"; };
		E513762A29CE729900E03A07 /* OptionalView.swift */ = {isa = PBXFileReference; lastKnownFileType = sourcecode.swift; path = OptionalView.swift; sourceTree = "<group>"; };
		E513762C29CE78CD00E03A07 /* ClosureView.swift */ = {isa = PBXFileReference; lastKnownFileType = sourcecode.swift; path = ClosureView.swift; sourceTree = "<group>"; };
		E513762E29CE82D700E03A07 /* StructView.swift */ = {isa = PBXFileReference; lastKnownFileType = sourcecode.swift; path = StructView.swift; sourceTree = "<group>"; };
		E513763229CEE18000E03A07 /* ClassView.swift */ = {isa = PBXFileReference; lastKnownFileType = sourcecode.swift; path = ClassView.swift; sourceTree = "<group>"; };
		E513763429CEE92200E03A07 /* OptionalChainingView.swift */ = {isa = PBXFileReference; lastKnownFileType = sourcecode.swift; path = OptionalChainingView.swift; sourceTree = "<group>"; };
		E513763629CEEC4A00E03A07 /* PropertyView.swift */ = {isa = PBXFileReference; lastKnownFileType = sourcecode.swift; path = PropertyView.swift; sourceTree = "<group>"; };
		E513763829CEFBD100E03A07 /* MethodView.swift */ = {isa = PBXFileReference; lastKnownFileType = sourcecode.swift; path = MethodView.swift; sourceTree = "<group>"; };
		E513763A29CF01D300E03A07 /* EnumAfterView.swift */ = {isa = PBXFileReference; lastKnownFileType = sourcecode.swift; path = EnumAfterView.swift; sourceTree = "<group>"; };
		E513763D29CF08F100E03A07 /* CheckPointView.swift */ = {isa = PBXFileReference; lastKnownFileType = sourcecode.swift; path = CheckPointView.swift; sourceTree = "<group>"; };
		E513764229CF208700E03A07 /* DividerView.swift */ = {isa = PBXFileReference; lastKnownFileType = sourcecode.swift; path = DividerView.swift; sourceTree = "<group>"; };
		E513764429CF350200E03A07 /* ModalView.swift */ = {isa = PBXFileReference; lastKnownFileType = sourcecode.swift; path = ModalView.swift; sourceTree = "<group>"; };
		E513764629CF364200E03A07 /* AlertView.swift */ = {isa = PBXFileReference; lastKnownFileType = sourcecode.swift; path = AlertView.swift; sourceTree = "<group>"; };
		E57BD14029D31D9000FB0167 /* TestView.swift */ = {isa = PBXFileReference; lastKnownFileType = sourcecode.swift; path = TestView.swift; sourceTree = "<group>"; };
		E5C5C01A29D90CC200B73936 /* Closure.swift */ = {isa = PBXFileReference; lastKnownFileType = sourcecode.swift; path = Closure.swift; sourceTree = "<group>"; };
		E5CC200F29EA85240035A0CC /* TabView.swift */ = {isa = PBXFileReference; lastKnownFileType = sourcecode.swift; path = TabView.swift; sourceTree = "<group>"; };
		E5CC201129EA879D0035A0CC /* ToggleView.swift */ = {isa = PBXFileReference; lastKnownFileType = sourcecode.swift; path = ToggleView.swift; sourceTree = "<group>"; };
		E5CC201329EA8A4A0035A0CC /* TextFieldView.swift */ = {isa = PBXFileReference; lastKnownFileType = sourcecode.swift; path = TextFieldView.swift; sourceTree = "<group>"; };
		E5CC201529EA96680035A0CC /* SecureFieldView.swift */ = {isa = PBXFileReference; lastKnownFileType = sourcecode.swift; path = SecureFieldView.swift; sourceTree = "<group>"; };
		E5D9006C29D86918004A413D /* Function.swift */ = {isa = PBXFileReference; lastKnownFileType = sourcecode.swift; path = Function.swift; sourceTree = "<group>"; };
/* End PBXFileReference section */

/* Begin PBXFrameworksBuildPhase section */
		E513761129CDC78300E03A07 /* Frameworks */ = {
			isa = PBXFrameworksBuildPhase;
			buildActionMask = 2147483647;
			files = (
			);
			runOnlyForDeploymentPostprocessing = 0;
		};
/* End PBXFrameworksBuildPhase section */

/* Begin PBXGroup section */
		E513760B29CDC78300E03A07 = {
			isa = PBXGroup;
			children = (
				E513761629CDC78300E03A07 /* LeeeoTutorials */,
				E513761529CDC78300E03A07 /* Products */,
			);
			sourceTree = "<group>";
		};
		E513761529CDC78300E03A07 /* Products */ = {
			isa = PBXGroup;
			children = (
				E513761429CDC78300E03A07 /* LeeeoTutorials.app */,
			);
			name = Products;
			sourceTree = "<group>";
		};
		E513761629CDC78300E03A07 /* LeeeoTutorials */ = {
			isa = PBXGroup;
			children = (
				E513763F29CF0FA600E03A07 /* UI2ndLecture */,
				E513761729CDC78300E03A07 /* LeeeoTutorialsApp.swift */,
				E513761929CDC78300E03A07 /* ContentView.swift */,
				E513763C29CF08DC00E03A07 /* Grammar2ndLecture */,
				E5D9006B29D86901004A413D /* AdditionalGrammar */,
				E513761B29CDC78500E03A07 /* Assets.xcassets */,
				E513762029CDC78500E03A07 /* Persistence.swift */,
				E513762229CDC78500E03A07 /* LeeeoTutorials.xcdatamodeld */,
				E513761D29CDC78500E03A07 /* Preview Content */,
			);
			path = LeeeoTutorials;
			sourceTree = "<group>";
		};
		E513761D29CDC78500E03A07 /* Preview Content */ = {
			isa = PBXGroup;
			children = (
				E513761E29CDC78500E03A07 /* Preview Assets.xcassets */,
			);
			path = "Preview Content";
			sourceTree = "<group>";
		};
		E513763C29CF08DC00E03A07 /* Grammar2ndLecture */ = {
			isa = PBXGroup;
			children = (
				E513762A29CE729900E03A07 /* OptionalView.swift */,
				E513762C29CE78CD00E03A07 /* ClosureView.swift */,
				E513762E29CE82D700E03A07 /* StructView.swift */,
				E513763229CEE18000E03A07 /* ClassView.swift */,
				E513763429CEE92200E03A07 /* OptionalChainingView.swift */,
				E513763629CEEC4A00E03A07 /* PropertyView.swift */,
				E513763829CEFBD100E03A07 /* MethodView.swift */,
				E513763A29CF01D300E03A07 /* EnumAfterView.swift */,
				E513763D29CF08F100E03A07 /* CheckPointView.swift */,
			);
			path = Grammar2ndLecture;
			sourceTree = "<group>";
		};
		E513763F29CF0FA600E03A07 /* UI2ndLecture */ = {
			isa = PBXGroup;
			children = (
				E513764229CF208700E03A07 /* DividerView.swift */,
				E513764429CF350200E03A07 /* ModalView.swift */,
				E513764629CF364200E03A07 /* AlertView.swift */,
				E5CC200F29EA85240035A0CC /* TabView.swift */,
				E57BD14029D31D9000FB0167 /* TestView.swift */,
				E5CC201129EA879D0035A0CC /* ToggleView.swift */,
				E5CC201329EA8A4A0035A0CC /* TextFieldView.swift */,
				E5CC201529EA96680035A0CC /* SecureFieldView.swift */,
			);
			path = UI2ndLecture;
			sourceTree = "<group>";
		};
		E5D9006B29D86901004A413D /* AdditionalGrammar */ = {
			isa = PBXGroup;
			children = (
				E5D9006C29D86918004A413D /* Function.swift */,
				E5C5C01A29D90CC200B73936 /* Closure.swift */,
			);
			path = AdditionalGrammar;
			sourceTree = "<group>";
		};
/* End PBXGroup section */

/* Begin PBXNativeTarget section */
		E513761329CDC78300E03A07 /* LeeeoTutorials */ = {
			isa = PBXNativeTarget;
			buildConfigurationList = E513762729CDC78500E03A07 /* Build configuration list for PBXNativeTarget "LeeeoTutorials" */;
			buildPhases = (
				E513761029CDC78300E03A07 /* Sources */,
				E513761129CDC78300E03A07 /* Frameworks */,
				E513761229CDC78300E03A07 /* Resources */,
			);
			buildRules = (
			);
			dependencies = (
			);
			name = LeeeoTutorials;
			productName = LeeeoTutorials;
			productReference = E513761429CDC78300E03A07 /* LeeeoTutorials.app */;
			productType = "com.apple.product-type.application";
		};
/* End PBXNativeTarget section */

/* Begin PBXProject section */
		E513760C29CDC78300E03A07 /* Project object */ = {
			isa = PBXProject;
			attributes = {
				BuildIndependentTargetsInParallel = 1;
				LastSwiftUpdateCheck = 1420;
				LastUpgradeCheck = 1420;
				TargetAttributes = {
					E513761329CDC78300E03A07 = {
						CreatedOnToolsVersion = 14.2;
					};
				};
			};
			buildConfigurationList = E513760F29CDC78300E03A07 /* Build configuration list for PBXProject "LeeeoTutorials" */;
			compatibilityVersion = "Xcode 14.0";
			developmentRegion = en;
			hasScannedForEncodings = 0;
			knownRegions = (
				en,
				Base,
			);
			mainGroup = E513760B29CDC78300E03A07;
			productRefGroup = E513761529CDC78300E03A07 /* Products */;
			projectDirPath = "";
			projectRoot = "";
			targets = (
				E513761329CDC78300E03A07 /* LeeeoTutorials */,
			);
		};
/* End PBXProject section */

/* Begin PBXResourcesBuildPhase section */
		E513761229CDC78300E03A07 /* Resources */ = {
			isa = PBXResourcesBuildPhase;
			buildActionMask = 2147483647;
			files = (
				E513761F29CDC78500E03A07 /* Preview Assets.xcassets in Resources */,
				E513761C29CDC78500E03A07 /* Assets.xcassets in Resources */,
			);
			runOnlyForDeploymentPostprocessing = 0;
		};
/* End PBXResourcesBuildPhase section */

/* Begin PBXSourcesBuildPhase section */
		E513761029CDC78300E03A07 /* Sources */ = {
			isa = PBXSourcesBuildPhase;
			buildActionMask = 2147483647;
			files = (
				E513763B29CF01D300E03A07 /* EnumAfterView.swift in Sources */,
				E513762D29CE78CD00E03A07 /* ClosureView.swift in Sources */,
				E5CC201629EA96680035A0CC /* SecureFieldView.swift in Sources */,
				E513764329CF208700E03A07 /* DividerView.swift in Sources */,
				E513763729CEEC4A00E03A07 /* PropertyView.swift in Sources */,
				E513762429CDC78500E03A07 /* LeeeoTutorials.xcdatamodeld in Sources */,
				E513762F29CE82D700E03A07 /* StructView.swift in Sources */,
				E513763529CEE92200E03A07 /* OptionalChainingView.swift in Sources */,
				E513763329CEE18000E03A07 /* ClassView.swift in Sources */,
				E5CC201429EA8A4A0035A0CC /* TextFieldView.swift in Sources */,
				E57BD14129D31D9000FB0167 /* TestView.swift in Sources */,
				E5D9006D29D86918004A413D /* Function.swift in Sources */,
				E5CC201029EA85240035A0CC /* TabView.swift in Sources */,
				E513762129CDC78500E03A07 /* Persistence.swift in Sources */,
				E5C5C01B29D90CC200B73936 /* Closure.swift in Sources */,
				E5CC201229EA879D0035A0CC /* ToggleView.swift in Sources */,
				E513764529CF350200E03A07 /* ModalView.swift in Sources */,
				E513763E29CF08F100E03A07 /* CheckPointView.swift in Sources */,
				E513761A29CDC78300E03A07 /* ContentView.swift in Sources */,
				E513763929CEFBD100E03A07 /* MethodView.swift in Sources */,
				E513764729CF364200E03A07 /* AlertView.swift in Sources */,
				E513762B29CE729900E03A07 /* OptionalView.swift in Sources */,
				E513761829CDC78300E03A07 /* LeeeoTutorialsApp.swift in Sources */,
			);
			runOnlyForDeploymentPostprocessing = 0;
		};
/* End PBXSourcesBuildPhase section */

/* Begin XCBuildConfiguration section */
		E513762529CDC78500E03A07 /* Debug */ = {
			isa = XCBuildConfiguration;
			buildSettings = {
				ALWAYS_SEARCH_USER_PATHS = NO;
				CLANG_ANALYZER_NONNULL = YES;
				CLANG_ANALYZER_NUMBER_OBJECT_CONVERSION = YES_AGGRESSIVE;
				CLANG_CXX_LANGUAGE_STANDARD = "gnu++20";
				CLANG_ENABLE_MODULES = YES;
				CLANG_ENABLE_OBJC_ARC = YES;
				CLANG_ENABLE_OBJC_WEAK = YES;
				CLANG_WARN_BLOCK_CAPTURE_AUTORELEASING = YES;
				CLANG_WARN_BOOL_CONVERSION = YES;
				CLANG_WARN_COMMA = YES;
				CLANG_WARN_CONSTANT_CONVERSION = YES;
				CLANG_WARN_DEPRECATED_OBJC_IMPLEMENTATIONS = YES;
				CLANG_WARN_DIRECT_OBJC_ISA_USAGE = YES_ERROR;
				CLANG_WARN_DOCUMENTATION_COMMENTS = YES;
				CLANG_WARN_EMPTY_BODY = YES;
				CLANG_WARN_ENUM_CONVERSION = YES;
				CLANG_WARN_INFINITE_RECURSION = YES;
				CLANG_WARN_INT_CONVERSION = YES;
				CLANG_WARN_NON_LITERAL_NULL_CONVERSION = YES;
				CLANG_WARN_OBJC_IMPLICIT_RETAIN_SELF = YES;
				CLANG_WARN_OBJC_LITERAL_CONVERSION = YES;
				CLANG_WARN_OBJC_ROOT_CLASS = YES_ERROR;
				CLANG_WARN_QUOTED_INCLUDE_IN_FRAMEWORK_HEADER = YES;
				CLANG_WARN_RANGE_LOOP_ANALYSIS = YES;
				CLANG_WARN_STRICT_PROTOTYPES = YES;
				CLANG_WARN_SUSPICIOUS_MOVE = YES;
				CLANG_WARN_UNGUARDED_AVAILABILITY = YES_AGGRESSIVE;
				CLANG_WARN_UNREACHABLE_CODE = YES;
				CLANG_WARN__DUPLICATE_METHOD_MATCH = YES;
				COPY_PHASE_STRIP = NO;
				DEBUG_INFORMATION_FORMAT = dwarf;
				ENABLE_STRICT_OBJC_MSGSEND = YES;
				ENABLE_TESTABILITY = YES;
				GCC_C_LANGUAGE_STANDARD = gnu11;
				GCC_DYNAMIC_NO_PIC = NO;
				GCC_NO_COMMON_BLOCKS = YES;
				GCC_OPTIMIZATION_LEVEL = 0;
				GCC_PREPROCESSOR_DEFINITIONS = (
					"DEBUG=1",
					"$(inherited)",
				);
				GCC_WARN_64_TO_32_BIT_CONVERSION = YES;
				GCC_WARN_ABOUT_RETURN_TYPE = YES_ERROR;
				GCC_WARN_UNDECLARED_SELECTOR = YES;
				GCC_WARN_UNINITIALIZED_AUTOS = YES_AGGRESSIVE;
				GCC_WARN_UNUSED_FUNCTION = YES;
				GCC_WARN_UNUSED_VARIABLE = YES;
				IPHONEOS_DEPLOYMENT_TARGET = 16.2;
				MTL_ENABLE_DEBUG_INFO = INCLUDE_SOURCE;
				MTL_FAST_MATH = YES;
				ONLY_ACTIVE_ARCH = YES;
				SDKROOT = iphoneos;
				SWIFT_ACTIVE_COMPILATION_CONDITIONS = DEBUG;
				SWIFT_OPTIMIZATION_LEVEL = "-Onone";
			};
			name = Debug;
		};
		E513762629CDC78500E03A07 /* Release */ = {
			isa = XCBuildConfiguration;
			buildSettings = {
				ALWAYS_SEARCH_USER_PATHS = NO;
				CLANG_ANALYZER_NONNULL = YES;
				CLANG_ANALYZER_NUMBER_OBJECT_CONVERSION = YES_AGGRESSIVE;
				CLANG_CXX_LANGUAGE_STANDARD = "gnu++20";
				CLANG_ENABLE_MODULES = YES;
				CLANG_ENABLE_OBJC_ARC = YES;
				CLANG_ENABLE_OBJC_WEAK = YES;
				CLANG_WARN_BLOCK_CAPTURE_AUTORELEASING = YES;
				CLANG_WARN_BOOL_CONVERSION = YES;
				CLANG_WARN_COMMA = YES;
				CLANG_WARN_CONSTANT_CONVERSION = YES;
				CLANG_WARN_DEPRECATED_OBJC_IMPLEMENTATIONS = YES;
				CLANG_WARN_DIRECT_OBJC_ISA_USAGE = YES_ERROR;
				CLANG_WARN_DOCUMENTATION_COMMENTS = YES;
				CLANG_WARN_EMPTY_BODY = YES;
				CLANG_WARN_ENUM_CONVERSION = YES;
				CLANG_WARN_INFINITE_RECURSION = YES;
				CLANG_WARN_INT_CONVERSION = YES;
				CLANG_WARN_NON_LITERAL_NULL_CONVERSION = YES;
				CLANG_WARN_OBJC_IMPLICIT_RETAIN_SELF = YES;
				CLANG_WARN_OBJC_LITERAL_CONVERSION = YES;
				CLANG_WARN_OBJC_ROOT_CLASS = YES_ERROR;
				CLANG_WARN_QUOTED_INCLUDE_IN_FRAMEWORK_HEADER = YES;
				CLANG_WARN_RANGE_LOOP_ANALYSIS = YES;
				CLANG_WARN_STRICT_PROTOTYPES = YES;
				CLANG_WARN_SUSPICIOUS_MOVE = YES;
				CLANG_WARN_UNGUARDED_AVAILABILITY = YES_AGGRESSIVE;
				CLANG_WARN_UNREACHABLE_CODE = YES;
				CLANG_WARN__DUPLICATE_METHOD_MATCH = YES;
				COPY_PHASE_STRIP = NO;
				DEBUG_INFORMATION_FORMAT = "dwarf-with-dsym";
				ENABLE_NS_ASSERTIONS = NO;
				ENABLE_STRICT_OBJC_MSGSEND = YES;
				GCC_C_LANGUAGE_STANDARD = gnu11;
				GCC_NO_COMMON_BLOCKS = YES;
				GCC_WARN_64_TO_32_BIT_CONVERSION = YES;
				GCC_WARN_ABOUT_RETURN_TYPE = YES_ERROR;
				GCC_WARN_UNDECLARED_SELECTOR = YES;
				GCC_WARN_UNINITIALIZED_AUTOS = YES_AGGRESSIVE;
				GCC_WARN_UNUSED_FUNCTION = YES;
				GCC_WARN_UNUSED_VARIABLE = YES;
				IPHONEOS_DEPLOYMENT_TARGET = 16.2;
				MTL_ENABLE_DEBUG_INFO = NO;
				MTL_FAST_MATH = YES;
				SDKROOT = iphoneos;
				SWIFT_COMPILATION_MODE = wholemodule;
				SWIFT_OPTIMIZATION_LEVEL = "-O";
				VALIDATE_PRODUCT = YES;
			};
			name = Release;
		};
		E513762829CDC78500E03A07 /* Debug */ = {
			isa = XCBuildConfiguration;
			buildSettings = {
				ASSETCATALOG_COMPILER_APPICON_NAME = AppIcon;
				ASSETCATALOG_COMPILER_GLOBAL_ACCENT_COLOR_NAME = AccentColor;
				CODE_SIGN_STYLE = Automatic;
				CURRENT_PROJECT_VERSION = 1;
				DEVELOPMENT_ASSET_PATHS = "\"LeeeoTutorials/Preview Content\"";
				DEVELOPMENT_TEAM = 6CNX5P6BQG;
				ENABLE_PREVIEWS = YES;
				GENERATE_INFOPLIST_FILE = YES;
				INFOPLIST_KEY_UIApplicationSceneManifest_Generation = YES;
				INFOPLIST_KEY_UIApplicationSupportsIndirectInputEvents = YES;
				INFOPLIST_KEY_UILaunchScreen_Generation = YES;
				INFOPLIST_KEY_UISupportedInterfaceOrientations_iPad = "UIInterfaceOrientationPortrait UIInterfaceOrientationPortraitUpsideDown UIInterfaceOrientationLandscapeLeft UIInterfaceOrientationLandscapeRight";
				INFOPLIST_KEY_UISupportedInterfaceOrientations_iPhone = "UIInterfaceOrientationPortrait UIInterfaceOrientationLandscapeLeft UIInterfaceOrientationLandscapeRight";
				LD_RUNPATH_SEARCH_PATHS = (
					"$(inherited)",
					"@executable_path/Frameworks",
				);
				MARKETING_VERSION = 1.0;
				PRODUCT_BUNDLE_IDENTIFIER = com.077tech.LeeeoTutorials;
				PRODUCT_NAME = "$(TARGET_NAME)";
				SWIFT_EMIT_LOC_STRINGS = YES;
				SWIFT_VERSION = 5.0;
				TARGETED_DEVICE_FAMILY = "1,2";
			};
			name = Debug;
		};
		E513762929CDC78500E03A07 /* Release */ = {
			isa = XCBuildConfiguration;
			buildSettings = {
				ASSETCATALOG_COMPILER_APPICON_NAME = AppIcon;
				ASSETCATALOG_COMPILER_GLOBAL_ACCENT_COLOR_NAME = AccentColor;
				CODE_SIGN_STYLE = Automatic;
				CURRENT_PROJECT_VERSION = 1;
				DEVELOPMENT_ASSET_PATHS = "\"LeeeoTutorials/Preview Content\"";
				DEVELOPMENT_TEAM = 6CNX5P6BQG;
				ENABLE_PREVIEWS = YES;
				GENERATE_INFOPLIST_FILE = YES;
				INFOPLIST_KEY_UIApplicationSceneManifest_Generation = YES;
				INFOPLIST_KEY_UIApplicationSupportsIndirectInputEvents = YES;
				INFOPLIST_KEY_UILaunchScreen_Generation = YES;
				INFOPLIST_KEY_UISupportedInterfaceOrientations_iPad = "UIInterfaceOrientationPortrait UIInterfaceOrientationPortraitUpsideDown UIInterfaceOrientationLandscapeLeft UIInterfaceOrientationLandscapeRight";
				INFOPLIST_KEY_UISupportedInterfaceOrientations_iPhone = "UIInterfaceOrientationPortrait UIInterfaceOrientationLandscapeLeft UIInterfaceOrientationLandscapeRight";
				LD_RUNPATH_SEARCH_PATHS = (
					"$(inherited)",
					"@executable_path/Frameworks",
				);
				MARKETING_VERSION = 1.0;
				PRODUCT_BUNDLE_IDENTIFIER = com.077tech.LeeeoTutorials;
				PRODUCT_NAME = "$(TARGET_NAME)";
				SWIFT_EMIT_LOC_STRINGS = YES;
				SWIFT_VERSION = 5.0;
				TARGETED_DEVICE_FAMILY = "1,2";
			};
			name = Release;
		};
/* End XCBuildConfiguration section */

/* Begin XCConfigurationList section */
		E513760F29CDC78300E03A07 /* Build configuration list for PBXProject "LeeeoTutorials" */ = {
			isa = XCConfigurationList;
			buildConfigurations = (
				E513762529CDC78500E03A07 /* Debug */,
				E513762629CDC78500E03A07 /* Release */,
			);
			defaultConfigurationIsVisible = 0;
			defaultConfigurationName = Release;
		};
		E513762729CDC78500E03A07 /* Build configuration list for PBXNativeTarget "LeeeoTutorials" */ = {
			isa = XCConfigurationList;
			buildConfigurations = (
				E513762829CDC78500E03A07 /* Debug */,
				E513762929CDC78500E03A07 /* Release */,
			);
			defaultConfigurationIsVisible = 0;
			defaultConfigurationName = Release;
		};
/* End XCConfigurationList section */

/* Begin XCVersionGroup section */
		E513762229CDC78500E03A07 /* LeeeoTutorials.xcdatamodeld */ = {
			isa = XCVersionGroup;
			children = (
				E513762329CDC78500E03A07 /* LeeeoTutorials.xcdatamodel */,
			);
			currentVersion = E513762329CDC78500E03A07 /* LeeeoTutorials.xcdatamodel */;
			path = LeeeoTutorials.xcdatamodeld;
			sourceTree = "<group>";
			versionGroupType = wrapper.xcdatamodel;
		};
/* End XCVersionGroup section */
	};
	rootObject = E513760C29CDC78300E03A07 /* Project object */;
}
